
Microsoft Visual Studio Solution File, Format Version 12.00
# Visual Studio 15
VisualStudioVersion = 15.0.27004.2002
MinimumVisualStudioVersion = 10.0.40219.1
Project("{FAE04EC0-301F-11D3-BF4B-00C04F79EFBC}") = "Speech-Transcriber", "Speech-Transcriber\Speech-Transcriber.csproj", "{92D1A6D5-F487-4B08-9412-36AD9F5FD123}"
EndProject
Project("{9A19103F-16F7-4668-BE54-9A1E7A4F7556}") = "FileManager", "FileManager\FileManager.csproj", "{8E191500-DC08-4136-B04D-11423321B211}"
EndProject
Project("{9A19103F-16F7-4668-BE54-9A1E7A4F7556}") = "Transcriber", "Transcriber\Transcriber.csproj", "{DD827A1B-093F-468C-9458-0BC6883B6551}"
EndProject
Project("{9A19103F-16F7-4668-BE54-9A1E7A4F7556}") = "HelperStructures", "HelperStructures\HelperStructures.csproj", "{8A04A796-AC0E-40EB-B14A-8595515EFD47}"
EndProject
Project("{FAE04EC0-301F-11D3-BF4B-00C04F79EFBC}") = "AFC", "AFC\AFC.csproj", "{77370203-E299-4A5B-80E0-5615D79BEDB3}"
EndProject
Project("{FAE04EC0-301F-11D3-BF4B-00C04F79EFBC}") = "SpeechTranscriberTester", "SpeechTranscriberTester\SpeechTranscriberTester.csproj", "{3090BD56-A1FE-4321-BE51-79DF7CFC9A79}"
EndProject
Global
	GlobalSection(SolutionConfigurationPlatforms) = preSolution
		Debug|Any CPU = Debug|Any CPU
		Release|Any CPU = Release|Any CPU
	EndGlobalSection
	GlobalSection(ProjectConfigurationPlatforms) = postSolution
		{92D1A6D5-F487-4B08-9412-36AD9F5FD123}.Debug|Any CPU.ActiveCfg = Debug|Any CPU
		{92D1A6D5-F487-4B08-9412-36AD9F5FD123}.Debug|Any CPU.Build.0 = Debug|Any CPU
		{92D1A6D5-F487-4B08-9412-36AD9F5FD123}.Release|Any CPU.ActiveCfg = Release|Any CPU
		{92D1A6D5-F487-4B08-9412-36AD9F5FD123}.Release|Any CPU.Build.0 = Release|Any CPU
		{8E191500-DC08-4136-B04D-11423321B211}.Debug|Any CPU.ActiveCfg = Debug|Any CPU
		{8E191500-DC08-4136-B04D-11423321B211}.Debug|Any CPU.Build.0 = Debug|Any CPU
		{8E191500-DC08-4136-B04D-11423321B211}.Release|Any CPU.ActiveCfg = Release|Any CPU
		{8E191500-DC08-4136-B04D-11423321B211}.Release|Any CPU.Build.0 = Release|Any CPU
		{DD827A1B-093F-468C-9458-0BC6883B6551}.Debug|Any CPU.ActiveCfg = Debug|Any CPU
		{DD827A1B-093F-468C-9458-0BC6883B6551}.Debug|Any CPU.Build.0 = Debug|Any CPU
		{DD827A1B-093F-468C-9458-0BC6883B6551}.Release|Any CPU.ActiveCfg = Release|Any CPU
		{DD827A1B-093F-468C-9458-0BC6883B6551}.Release|Any CPU.Build.0 = Release|Any CPU
		{8A04A796-AC0E-40EB-B14A-8595515EFD47}.Debug|Any CPU.ActiveCfg = Debug|Any CPU
		{8A04A796-AC0E-40EB-B14A-8595515EFD47}.Debug|Any CPU.Build.0 = Debug|Any CPU
		{8A04A796-AC0E-40EB-B14A-8595515EFD47}.Release|Any CPU.ActiveCfg = Release|Any CPU
		{8A04A796-AC0E-40EB-B14A-8595515EFD47}.Release|Any CPU.Build.0 = Release|Any CPU
		{77370203-E299-4A5B-80E0-5615D79BEDB3}.Debug|Any CPU.ActiveCfg = Debug|Any CPU
		{77370203-E299-4A5B-80E0-5615D79BEDB3}.Debug|Any CPU.Build.0 = Debug|Any CPU
		{77370203-E299-4A5B-80E0-5615D79BEDB3}.Release|Any CPU.ActiveCfg = Release|Any CPU
		{77370203-E299-4A5B-80E0-5615D79BEDB3}.Release|Any CPU.Build.0 = Release|Any CPU
		{3090BD56-A1FE-4321-BE51-79DF7CFC9A79}.Debug|Any CPU.ActiveCfg = Debug|Any CPU
		{3090BD56-A1FE-4321-BE51-79DF7CFC9A79}.Debug|Any CPU.Build.0 = Debug|Any CPU
		{3090BD56-A1FE-4321-BE51-79DF7CFC9A79}.Release|Any CPU.ActiveCfg = Release|Any CPU
		{3090BD56-A1FE-4321-BE51-79DF7CFC9A79}.Release|Any CPU.Build.0 = Release|Any CPU
	EndGlobalSection
	GlobalSection(SolutionProperties) = preSolution
		HideSolutionNode = FALSE
	EndGlobalSection
	GlobalSection(ExtensibilityGlobals) = postSolution
		SolutionGuid = {B6D4949A-D247-4E88-AEF5-D1344854EAD2}
	EndGlobalSection
EndGlobal
